{
  "name": "generator-pages-controllers-or-services",
  "requires": true,
  "lockfileVersion": 1,
  "dependencies": {
    "angular": {
      "version": "1.4.14",
      "resolved": "https://registry.npmjs.org/angular/-/angular-1.4.14.tgz",
      "integrity": "sha1-nQ/q9gzm5SzlD0nuMoZW0eGHXDc="
    },
    "mobx": {
      "version": "5.9.0",
      "resolved": "https://registry.npmjs.org/mobx/-/mobx-5.9.0.tgz",
      "integrity": "sha512-D3mY1uM3H9BP5duk5tTanrOq92yqetYKsprPJWvkKDrbs+fro59xrpWX+vtr10YoLgJIFz+a4A8lI+4YtqmCUQ=="
    },
    "momentjs": {
      "version": "2.0.0",
      "resolved": "https://registry.npmjs.org/momentjs/-/momentjs-2.0.0.tgz",
      "integrity": "sha1-c9+QS0+kGPbjxgXoMc727VUY69Q="
    }
  }
}
